// !$*UTF8*$!
{
	archiveVersion = 1;
	classes = {
	};
	objectVersion = 50;
	objects = {

/* Begin PBXBuildFile section */
		D959E795268E0CF5001DA7DC /* AppDelegate.swift in Sources */ = {isa = PBXBuildFile; fileRef = D959E794268E0CF5001DA7DC /* AppDelegate.swift */; };
		D959E799268E0CF5001DA7DC /* NewsListViewController.swift in Sources */ = {isa = PBXBuildFile; fileRef = D959E798268E0CF5001DA7DC /* NewsListViewController.swift */; };
		D959E79C268E0CF5001DA7DC /* Main.storyboard in Resources */ = {isa = PBXBuildFile; fileRef = D959E79A268E0CF5001DA7DC /* Main.storyboard */; };
		D959E79E268E0CFB001DA7DC /* Assets.xcassets in Resources */ = {isa = PBXBuildFile; fileRef = D959E79D268E0CFB001DA7DC /* Assets.xcassets */; };
		D959E7A1268E0CFB001DA7DC /* LaunchScreen.storyboard in Resources */ = {isa = PBXBuildFile; fileRef = D959E79F268E0CFB001DA7DC /* LaunchScreen.storyboard */; };
		D959E7AC268E0DCB001DA7DC /* NewsListProtocols.swift in Sources */ = {isa = PBXBuildFile; fileRef = D959E7AB268E0DCB001DA7DC /* NewsListProtocols.swift */; };
		D959E7B1268E0E00001DA7DC /* NewsListPresenter.swift in Sources */ = {isa = PBXBuildFile; fileRef = D959E7B0268E0E00001DA7DC /* NewsListPresenter.swift */; };
		D959E7B4268E0E08001DA7DC /* NewsListInteractor.swift in Sources */ = {isa = PBXBuildFile; fileRef = D959E7B3268E0E08001DA7DC /* NewsListInteractor.swift */; };
		D959E7B9268E0E21001DA7DC /* NewsListRouter.swift in Sources */ = {isa = PBXBuildFile; fileRef = D959E7B8268E0E21001DA7DC /* NewsListRouter.swift */; };
		D959E7C2268E12FC001DA7DC /* News.swift in Sources */ = {isa = PBXBuildFile; fileRef = D959E7C1268E12FC001DA7DC /* News.swift */; };
		D959E7C7268E17D2001DA7DC /* ServerNewsClient.swift in Sources */ = {isa = PBXBuildFile; fileRef = D959E7C6268E17D2001DA7DC /* ServerNewsClient.swift */; };
		D963EC52268E203900FAF6F2 /* NewsTableViewCell.swift in Sources */ = {isa = PBXBuildFile; fileRef = D963EC51268E203900FAF6F2 /* NewsTableViewCell.swift */; };
/* End PBXBuildFile section */

/* Begin PBXFileReference section */
		D959E791268E0CF5001DA7DC /* NewsViper.app */ = {isa = PBXFileReference; explicitFileType = wrapper.application; includeInIndex = 0; path = NewsViper.app; sourceTree = BUILT_PRODUCTS_DIR; };
		D959E794268E0CF5001DA7DC /* AppDelegate.swift */ = {isa = PBXFileReference; lastKnownFileType = sourcecode.swift; path = AppDelegate.swift; sourceTree = "<group>"; };
		D959E798268E0CF5001DA7DC /* NewsListViewController.swift */ = {isa = PBXFileReference; lastKnownFileType = sourcecode.swift; path = NewsListViewController.swift; sourceTree = "<group>"; };
		D959E79B268E0CF5001DA7DC /* Base */ = {isa = PBXFileReference; lastKnownFileType = file.storyboard; name = Base; path = Base.lproj/Main.storyboard; sourceTree = "<group>"; };
		D959E79D268E0CFB001DA7DC /* Assets.xcassets */ = {isa = PBXFileReference; lastKnownFileType = folder.assetcatalog; path = Assets.xcassets; sourceTree = "<group>"; };
		D959E7A0268E0CFB001DA7DC /* Base */ = {isa = PBXFileReference; lastKnownFileType = file.storyboard; name = Base; path = Base.lproj/LaunchScreen.storyboard; sourceTree = "<group>"; };
		D959E7A2268E0CFB001DA7DC /* Info.plist */ = {isa = PBXFileReference; lastKnownFileType = text.plist.xml; path = Info.plist; sourceTree = "<group>"; };
		D959E7AB268E0DCB001DA7DC /* NewsListProtocols.swift */ = {isa = PBXFileReference; lastKnownFileType = sourcecode.swift; path = NewsListProtocols.swift; sourceTree = "<group>"; };
		D959E7B0268E0E00001DA7DC /* NewsListPresenter.swift */ = {isa = PBXFileReference; lastKnownFileType = sourcecode.swift; path = NewsListPresenter.swift; sourceTree = "<group>"; };
		D959E7B3268E0E08001DA7DC /* NewsListInteractor.swift */ = {isa = PBXFileReference; lastKnownFileType = sourcecode.swift; path = NewsListInteractor.swift; sourceTree = "<group>"; };
		D959E7B8268E0E21001DA7DC /* NewsListRouter.swift */ = {isa = PBXFileReference; lastKnownFileType = sourcecode.swift; path = NewsListRouter.swift; sourceTree = "<group>"; };
		D959E7C1268E12FC001DA7DC /* News.swift */ = {isa = PBXFileReference; lastKnownFileType = sourcecode.swift; path = News.swift; sourceTree = "<group>"; };
		D959E7C6268E17D2001DA7DC /* ServerNewsClient.swift */ = {isa = PBXFileReference; lastKnownFileType = sourcecode.swift; path = ServerNewsClient.swift; sourceTree = "<group>"; };
		D963EC51268E203900FAF6F2 /* NewsTableViewCell.swift */ = {isa = PBXFileReference; lastKnownFileType = sourcecode.swift; path = NewsTableViewCell.swift; sourceTree = "<group>"; };
/* End PBXFileReference section */

/* Begin PBXFrameworksBuildPhase section */
		D959E78E268E0CF5001DA7DC /* Frameworks */ = {
			isa = PBXFrameworksBuildPhase;
			buildActionMask = 2147483647;
			files = (
			);
			runOnlyForDeploymentPostprocessing = 0;
		};
/* End PBXFrameworksBuildPhase section */

/* Begin PBXGroup section */
		D959E788268E0CF5001DA7DC = {
			isa = PBXGroup;
			children = (
				D959E793268E0CF5001DA7DC /* NewsViper */,
				D959E792268E0CF5001DA7DC /* Products */,
			);
			sourceTree = "<group>";
		};
		D959E792268E0CF5001DA7DC /* Products */ = {
			isa = PBXGroup;
			children = (
				D959E791268E0CF5001DA7DC /* NewsViper.app */,
			);
			name = Products;
			sourceTree = "<group>";
		};
		D959E793268E0CF5001DA7DC /* NewsViper */ = {
			isa = PBXGroup;
			children = (
				D959E7C5268E17BC001DA7DC /* Entities */,
				D959E7C0268E12F3001DA7DC /* Models */,
				D959E7AA268E0DB9001DA7DC /* Modules */,
				D963EC4F268E201500FAF6F2 /* Views */,
				D959E794268E0CF5001DA7DC /* AppDelegate.swift */,
				D959E79A268E0CF5001DA7DC /* Main.storyboard */,
				D959E79D268E0CFB001DA7DC /* Assets.xcassets */,
				D959E79F268E0CFB001DA7DC /* LaunchScreen.storyboard */,
				D959E7A2268E0CFB001DA7DC /* Info.plist */,
			);
			path = NewsViper;
			sourceTree = "<group>";
		};
		D959E7AA268E0DB9001DA7DC /* Modules */ = {
			isa = PBXGroup;
			children = (
				D959E7AF268E0DE0001DA7DC /* NewsList */,
			);
			path = Modules;
			sourceTree = "<group>";
		};
		D959E7AF268E0DE0001DA7DC /* NewsList */ = {
			isa = PBXGroup;
			children = (
				D959E7B3268E0E08001DA7DC /* NewsListInteractor.swift */,
				D959E7B0268E0E00001DA7DC /* NewsListPresenter.swift */,
				D959E7AB268E0DCB001DA7DC /* NewsListProtocols.swift */,
				D959E7B8268E0E21001DA7DC /* NewsListRouter.swift */,
				D959E798268E0CF5001DA7DC /* NewsListViewController.swift */,
			);
			path = NewsList;
			sourceTree = "<group>";
		};
		D959E7C0268E12F3001DA7DC /* Models */ = {
			isa = PBXGroup;
			children = (
				D959E7C1268E12FC001DA7DC /* News.swift */,
			);
			path = Models;
			sourceTree = "<group>";
		};
		D959E7C5268E17BC001DA7DC /* Entities */ = {
			isa = PBXGroup;
			children = (
				D959E7C6268E17D2001DA7DC /* ServerNewsClient.swift */,
			);
			path = Entities;
			sourceTree = "<group>";
		};
		D963EC4F268E201500FAF6F2 /* Views */ = {
			isa = PBXGroup;
			children = (
				D963EC50268E201F00FAF6F2 /* News Cell */,
			);
			path = Views;
			sourceTree = "<group>";
		};
		D963EC50268E201F00FAF6F2 /* News Cell */ = {
			isa = PBXGroup;
			children = (
				D963EC51268E203900FAF6F2 /* NewsTableViewCell.swift */,
			);
			path = "News Cell";
			sourceTree = "<group>";
		};
/* End PBXGroup section */

/* Begin PBXNativeTarget section */
		D959E790268E0CF5001DA7DC /* NewsViper */ = {
			isa = PBXNativeTarget;
			buildConfigurationList = D959E7A5268E0CFB001DA7DC /* Build configuration list for PBXNativeTarget "NewsViper" */;
			buildPhases = (
				D959E78D268E0CF5001DA7DC /* Sources */,
				D959E78E268E0CF5001DA7DC /* Frameworks */,
				D959E78F268E0CF5001DA7DC /* Resources */,
			);
			buildRules = (
			);
			dependencies = (
			);
			name = NewsViper;
			productName = NewsViper;
			productReference = D959E791268E0CF5001DA7DC /* NewsViper.app */;
			productType = "com.apple.product-type.application";
		};
/* End PBXNativeTarget section */

/* Begin PBXProject section */
		D959E789268E0CF5001DA7DC /* Project object */ = {
			isa = PBXProject;
			attributes = {
				LastSwiftUpdateCheck = 1240;
				LastUpgradeCheck = 1240;
				TargetAttributes = {
					D959E790268E0CF5001DA7DC = {
						CreatedOnToolsVersion = 12.4;
					};
				};
			};
			buildConfigurationList = D959E78C268E0CF5001DA7DC /* Build configuration list for PBXProject "NewsViper" */;
			compatibilityVersion = "Xcode 9.3";
			developmentRegion = en;
			hasScannedForEncodings = 0;
			knownRegions = (
				en,
				Base,
			);
			mainGroup = D959E788268E0CF5001DA7DC;
			productRefGroup = D959E792268E0CF5001DA7DC /* Products */;
			projectDirPath = "";
			projectRoot = "";
			targets = (
				D959E790268E0CF5001DA7DC /* NewsViper */,
			);
		};
/* End PBXProject section */

/* Begin PBXResourcesBuildPhase section */
		D959E78F268E0CF5001DA7DC /* Resources */ = {
			isa = PBXResourcesBuildPhase;
			buildActionMask = 2147483647;
			files = (
				D959E7A1268E0CFB001DA7DC /* LaunchScreen.storyboard in Resources */,
				D959E79E268E0CFB001DA7DC /* Assets.xcassets in Resources */,
				D959E79C268E0CF5001DA7DC /* Main.storyboard in Resources */,
			);
			runOnlyForDeploymentPostprocessing = 0;
		};
/* End PBXResourcesBuildPhase section */

/* Begin PBXSourcesBuildPhase section */
		D959E78D268E0CF5001DA7DC /* Sources */ = {
			isa = PBXSourcesBuildPhase;
			buildActionMask = 2147483647;
			files = (
				D959E799268E0CF5001DA7DC /* NewsListViewController.swift in Sources */,
				D959E7B9268E0E21001DA7DC /* NewsListRouter.swift in Sources */,
				D959E795268E0CF5001DA7DC /* AppDelegate.swift in Sources */,
				D959E7AC268E0DCB001DA7DC /* NewsListProtocols.swift in Sources */,
				D959E7C7268E17D2001DA7DC /* ServerNewsClient.swift in Sources */,
				D959E7C2268E12FC001DA7DC /* News.swift in Sources */,
				D959E7B4268E0E08001DA7DC /* NewsListInteractor.swift in Sources */,
				D959E7B1268E0E00001DA7DC /* NewsListPresenter.swift in Sources */,
				D963EC52268E203900FAF6F2 /* NewsTableViewCell.swift in Sources */,
			);
			runOnlyForDeploymentPostprocessing = 0;
		};
/* End PBXSourcesBuildPhase section */

/* Begin PBXVariantGroup section */
		D959E79A268E0CF5001DA7DC /* Main.storyboard */ = {
			isa = PBXVariantGroup;
			children = (
				D959E79B268E0CF5001DA7DC /* Base */,
			);
			name = Main.storyboard;
			sourceTree = "<group>";
		};
		D959E79F268E0CFB001DA7DC /* LaunchScreen.storyboard */ = {
			isa = PBXVariantGroup;
			children = (
				D959E7A0268E0CFB001DA7DC /* Base */,
			);
			name = LaunchScreen.storyboard;
			sourceTree = "<group>";
		};
/* End PBXVariantGroup section */

/* Begin XCBuildConfiguration section */
		D959E7A3268E0CFB001DA7DC /* Debug */ = {
			isa = XCBuildConfiguration;
			buildSettings = {
				ALWAYS_SEARCH_USER_PATHS = NO;
				CLANG_ANALYZER_NONNULL = YES;
				CLANG_ANALYZER_NUMBER_OBJECT_CONVERSION = YES_AGGRESSIVE;
				CLANG_CXX_LANGUAGE_STANDARD = "gnu++14";
				CLANG_CXX_LIBRARY = "libc++";
				CLANG_ENABLE_MODULES = YES;
				CLANG_ENABLE_OBJC_ARC = YES;
				CLANG_ENABLE_OBJC_WEAK = YES;
				CLANG_WARN_BLOCK_CAPTURE_AUTORELEASING = YES;
				CLANG_WARN_BOOL_CONVERSION = YES;
				CLANG_WARN_COMMA = YES;
				CLANG_WARN_CONSTANT_CONVERSION = YES;
				CLANG_WARN_DEPRECATED_OBJC_IMPLEMENTATIONS = YES;
				CLANG_WARN_DIRECT_OBJC_ISA_USAGE = YES_ERROR;
				CLANG_WARN_DOCUMENTATION_COMMENTS = YES;
				CLANG_WARN_EMPTY_BODY = YES;
				CLANG_WARN_ENUM_CONVERSION = YES;
				CLANG_WARN_INFINITE_RECURSION = YES;
				CLANG_WARN_INT_CONVERSION = YES;
				CLANG_WARN_NON_LITERAL_NULL_CONVERSION = YES;
				CLANG_WARN_OBJC_IMPLICIT_RETAIN_SELF = YES;
				CLANG_WARN_OBJC_LITERAL_CONVERSION = YES;
				CLANG_WARN_OBJC_ROOT_CLASS = YES_ERROR;
				CLANG_WARN_QUOTED_INCLUDE_IN_FRAMEWORK_HEADER = YES;
				CLANG_WARN_RANGE_LOOP_ANALYSIS = YES;
				CLANG_WARN_STRICT_PROTOTYPES = YES;
				CLANG_WARN_SUSPICIOUS_MOVE = YES;
				CLANG_WARN_UNGUARDED_AVAILABILITY = YES_AGGRESSIVE;
				CLANG_WARN_UNREACHABLE_CODE = YES;
				CLANG_WARN__DUPLICATE_METHOD_MATCH = YES;
				COPY_PHASE_STRIP = NO;
				DEBUG_INFORMATION_FORMAT = dwarf;
				ENABLE_STRICT_OBJC_MSGSEND = YES;
				ENABLE_TESTABILITY = YES;
				GCC_C_LANGUAGE_STANDARD = gnu11;
				GCC_DYNAMIC_NO_PIC = NO;
				GCC_NO_COMMON_BLOCKS = YES;
				GCC_OPTIMIZATION_LEVEL = 0;
				GCC_PREPROCESSOR_DEFINITIONS = (
					"DEBUG=1",
					"$(inherited)",
				);
				GCC_WARN_64_TO_32_BIT_CONVERSION = YES;
				GCC_WARN_ABOUT_RETURN_TYPE = YES_ERROR;
				GCC_WARN_UNDECLARED_SELECTOR = YES;
				GCC_WARN_UNINITIALIZED_AUTOS = YES_AGGRESSIVE;
				GCC_WARN_UNUSED_FUNCTION = YES;
				GCC_WARN_UNUSED_VARIABLE = YES;
				IPHONEOS_DEPLOYMENT_TARGET = 14.4;
				MTL_ENABLE_DEBUG_INFO = INCLUDE_SOURCE;
				MTL_FAST_MATH = YES;
				ONLY_ACTIVE_ARCH = YES;
				SDKROOT = iphoneos;
				SWIFT_ACTIVE_COMPILATION_CONDITIONS = DEBUG;
				SWIFT_OPTIMIZATION_LEVEL = "-Onone";
			};
			name = Debug;
		};
		D959E7A4268E0CFB001DA7DC /* Release */ = {
			isa = XCBuildConfiguration;
			buildSettings = {
				ALWAYS_SEARCH_USER_PATHS = NO;
				CLANG_ANALYZER_NONNULL = YES;
				CLANG_ANALYZER_NUMBER_OBJECT_CONVERSION = YES_AGGRESSIVE;
				CLANG_CXX_LANGUAGE_STANDARD = "gnu++14";
				CLANG_CXX_LIBRARY = "libc++";
				CLANG_ENABLE_MODULES = YES;
				CLANG_ENABLE_OBJC_ARC = YES;
				CLANG_ENABLE_OBJC_WEAK = YES;
				CLANG_WARN_BLOCK_CAPTURE_AUTORELEASING = YES;
				CLANG_WARN_BOOL_CONVERSION = YES;
				CLANG_WARN_COMMA = YES;
				CLANG_WARN_CONSTANT_CONVERSION = YES;
				CLANG_WARN_DEPRECATED_OBJC_IMPLEMENTATIONS = YES;
				CLANG_WARN_DIRECT_OBJC_ISA_USAGE = YES_ERROR;
				CLANG_WARN_DOCUMENTATION_COMMENTS = YES;
				CLANG_WARN_EMPTY_BODY = YES;
				CLANG_WARN_ENUM_CONVERSION = YES;
				CLANG_WARN_INFINITE_RECURSION = YES;
				CLANG_WARN_INT_CONVERSION = YES;
				CLANG_WARN_NON_LITERAL_NULL_CONVERSION = YES;
				CLANG_WARN_OBJC_IMPLICIT_RETAIN_SELF = YES;
				CLANG_WARN_OBJC_LITERAL_CONVERSION = YES;
				CLANG_WARN_OBJC_ROOT_CLASS = YES_ERROR;
				CLANG_WARN_QUOTED_INCLUDE_IN_FRAMEWORK_HEADER = YES;
				CLANG_WARN_RANGE_LOOP_ANALYSIS = YES;
				CLANG_WARN_STRICT_PROTOTYPES = YES;
				CLANG_WARN_SUSPICIOUS_MOVE = YES;
				CLANG_WARN_UNGUARDED_AVAILABILITY = YES_AGGRESSIVE;
				CLANG_WARN_UNREACHABLE_CODE = YES;
				CLANG_WARN__DUPLICATE_METHOD_MATCH = YES;
				COPY_PHASE_STRIP = NO;
				DEBUG_INFORMATION_FORMAT = "dwarf-with-dsym";
				ENABLE_NS_ASSERTIONS = NO;
				ENABLE_STRICT_OBJC_MSGSEND = YES;
				GCC_C_LANGUAGE_STANDARD = gnu11;
				GCC_NO_COMMON_BLOCKS = YES;
				GCC_WARN_64_TO_32_BIT_CONVERSION = YES;
				GCC_WARN_ABOUT_RETURN_TYPE = YES_ERROR;
				GCC_WARN_UNDECLARED_SELECTOR = YES;
				GCC_WARN_UNINITIALIZED_AUTOS = YES_AGGRESSIVE;
				GCC_WARN_UNUSED_FUNCTION = YES;
				GCC_WARN_UNUSED_VARIABLE = YES;
				IPHONEOS_DEPLOYMENT_TARGET = 14.4;
				MTL_ENABLE_DEBUG_INFO = NO;
				MTL_FAST_MATH = YES;
				SDKROOT = iphoneos;
				SWIFT_COMPILATION_MODE = wholemodule;
				SWIFT_OPTIMIZATION_LEVEL = "-O";
				VALIDATE_PRODUCT = YES;
			};
			name = Release;
		};
		D959E7A6268E0CFB001DA7DC /* Debug */ = {
			isa = XCBuildConfiguration;
			buildSettings = {
				ASSETCATALOG_COMPILER_APPICON_NAME = AppIcon;
				ASSETCATALOG_COMPILER_GLOBAL_ACCENT_COLOR_NAME = AccentColor;
				CODE_SIGN_STYLE = Automatic;
				DEVELOPMENT_TEAM = MT83Z9G3C6;
				INFOPLIST_FILE = NewsViper/Info.plist;
				IPHONEOS_DEPLOYMENT_TARGET = 12.1;
				LD_RUNPATH_SEARCH_PATHS = (
					"$(inherited)",
					"@executable_path/Frameworks",
				);
				PRODUCT_BUNDLE_IDENTIFIER = com.arkhipovaiur.NewsViper;
				PRODUCT_NAME = "$(TARGET_NAME)";
				SWIFT_VERSION = 5.0;
				TARGETED_DEVICE_FAMILY = "1,2";
			};
			name = Debug;
		};
		D959E7A7268E0CFB001DA7DC /* Release */ = {
			isa = XCBuildConfiguration;
			buildSettings = {
				ASSETCATALOG_COMPILER_APPICON_NAME = AppIcon;
				ASSETCATALOG_COMPILER_GLOBAL_ACCENT_COLOR_NAME = AccentColor;
				CODE_SIGN_STYLE = Automatic;
				DEVELOPMENT_TEAM = MT83Z9G3C6;
				INFOPLIST_FILE = NewsViper/Info.plist;
				IPHONEOS_DEPLOYMENT_TARGET = 12.1;
				LD_RUNPATH_SEARCH_PATHS = (
					"$(inherited)",
					"@executable_path/Frameworks",
				);
				PRODUCT_BUNDLE_IDENTIFIER = com.arkhipovaiur.NewsViper;
				PRODUCT_NAME = "$(TARGET_NAME)";
				SWIFT_VERSION = 5.0;
				TARGETED_DEVICE_FAMILY = "1,2";
			};
			name = Release;
		};
/* End XCBuildConfiguration section */

/* Begin XCConfigurationList section */
		D959E78C268E0CF5001DA7DC /* Build configuration list for PBXProject "NewsViper" */ = {
			isa = XCConfigurationList;
			buildConfigurations = (
				D959E7A3268E0CFB001DA7DC /* Debug */,
				D959E7A4268E0CFB001DA7DC /* Release */,
			);
			defaultConfigurationIsVisible = 0;
			defaultConfigurationName = Release;
		};
		D959E7A5268E0CFB001DA7DC /* Build configuration list for PBXNativeTarget "NewsViper" */ = {
			isa = XCConfigurationList;
			buildConfigurations = (
				D959E7A6268E0CFB001DA7DC /* Debug */,
				D959E7A7268E0CFB001DA7DC /* Release */,
			);
			defaultConfigurationIsVisible = 0;
			defaultConfigurationName = Release;
		};
/* End XCConfigurationList section */
	};
	rootObject = D959E789268E0CF5001DA7DC /* Project object */;
}
